
Microsoft Visual Studio Solution File, Format Version 12.00
# Visual Studio Version 17
VisualStudioVersion = 17.9.34728.123
MinimumVisualStudioVersion = 10.0.40219.1
Project("{9A19103F-16F7-4668-BE54-9A1E7A4F7556}") = "BlazorShop.Web", "BlazorShop.Web\BlazorShop.Web.csproj", "{B7950C30-A425-4728-AD2F-23E36123CCB0}"
EndProject
Project("{9A19103F-16F7-4668-BE54-9A1E7A4F7556}") = "BlazorShop.Api", "BlazorShop.Api\BlazorShop.Api.csproj", "{65D17096-E7F0-4676-A12A-BF1F31EA3F11}"
EndProject
Project("{9A19103F-16F7-4668-BE54-9A1E7A4F7556}") = "BlazorShop.Models", "BlazorShop.Models\BlazorShop.Models.csproj", "{9804899D-9BD8-4592-99E7-2786640B0F76}"
EndProject
Global
	GlobalSection(SolutionConfigurationPlatforms) = preSolution
		Debug|Any CPU = Debug|Any CPU
		Release|Any CPU = Release|Any CPU
	EndGlobalSection
	GlobalSection(ProjectConfigurationPlatforms) = postSolution
		{B7950C30-A425-4728-AD2F-23E36123CCB0}.Debug|Any CPU.ActiveCfg = Debug|Any CPU
		{B7950C30-A425-4728-AD2F-23E36123CCB0}.Debug|Any CPU.Build.0 = Debug|Any CPU
		{B7950C30-A425-4728-AD2F-23E36123CCB0}.Release|Any CPU.ActiveCfg = Release|Any CPU
		{B7950C30-A425-4728-AD2F-23E36123CCB0}.Release|Any CPU.Build.0 = Release|Any CPU
		{65D17096-E7F0-4676-A12A-BF1F31EA3F11}.Debug|Any CPU.ActiveCfg = Debug|Any CPU
		{65D17096-E7F0-4676-A12A-BF1F31EA3F11}.Debug|Any CPU.Build.0 = Debug|Any CPU
		{65D17096-E7F0-4676-A12A-BF1F31EA3F11}.Release|Any CPU.ActiveCfg = Release|Any CPU
		{65D17096-E7F0-4676-A12A-BF1F31EA3F11}.Release|Any CPU.Build.0 = Release|Any CPU
		{9804899D-9BD8-4592-99E7-2786640B0F76}.Debug|Any CPU.ActiveCfg = Debug|Any CPU
		{9804899D-9BD8-4592-99E7-2786640B0F76}.Debug|Any CPU.Build.0 = Debug|Any CPU
		{9804899D-9BD8-4592-99E7-2786640B0F76}.Release|Any CPU.ActiveCfg = Release|Any CPU
		{9804899D-9BD8-4592-99E7-2786640B0F76}.Release|Any CPU.Build.0 = Release|Any CPU
	EndGlobalSection
	GlobalSection(SolutionProperties) = preSolution
		HideSolutionNode = FALSE
	EndGlobalSection
	GlobalSection(ExtensibilityGlobals) = postSolution
		SolutionGuid = {E649EAB6-5330-4D4F-864D-90373B41193B}
	EndGlobalSection
EndGlobal
